
Microsoft Visual Studio Solution File, Format Version 11.00
# Visual Studio 2010
Project("{FAE04EC0-301F-11D3-BF4B-00C04F79EFBC}") = "CrawlAndCollect.Web", "CrawlAndCollect.Web\CrawlAndCollect.Web.csproj", "{CE460DF8-E101-49D3-950A-4BDEB1DE00E8}"
EndProject
Project("{FAE04EC0-301F-11D3-BF4B-00C04F79EFBC}") = "CrawlAndCollect.Core", "CrawlAndCollect.Core\CrawlAndCollect.Core.csproj", "{68074091-A241-482B-B35F-568DE7493F7F}"
EndProject
Project("{FAE04EC0-301F-11D3-BF4B-00C04F79EFBC}") = "CrawlAndCollect.CrawlerEndPoint", "CrawlAndCollect.CrawlerEndPoint\CrawlAndCollect.CrawlerEndPoint.csproj", "{975ABCF4-89E5-4A52-B3F8-6AE051870C50}"
EndProject
Project("{2150E333-8FDC-42A3-9474-1A3956D46DE8}") = "EndPoints", "EndPoints", "{BF02907D-AD0E-4761-B431-5424B7F00868}"
EndProject
Project("{FAE04EC0-301F-11D3-BF4B-00C04F79EFBC}") = "CrawlAndCollect.Crawler", "CrawlAndCollect.Crawler\CrawlAndCollect.Crawler.csproj", "{4C6E4CF0-AC4D-4983-AC1D-34B3155491DA}"
EndProject
Project("{FAE04EC0-301F-11D3-BF4B-00C04F79EFBC}") = "CrawlAndCollect.Crawler.Tests", "CrawlAndCollect.Crawler.Tests\CrawlAndCollect.Crawler.Tests.csproj", "{AF408D01-63B8-4D62-AC81-4528F05104E7}"
EndProject
Project("{FAE04EC0-301F-11D3-BF4B-00C04F79EFBC}") = "CrawlAndCollect.LinkValidatorEndPoint", "CrawlAndCollect.LinkValidatorEndPoint\CrawlAndCollect.LinkValidatorEndPoint.csproj", "{99F52B54-387C-4C89-9EC8-082FCFACAC06}"
EndProject
Project("{FAE04EC0-301F-11D3-BF4B-00C04F79EFBC}") = "CrawlAndCollect.Core.Tests", "CrawlAndCollect.Core.Tests\CrawlAndCollect.Core.Tests.csproj", "{FD1DE39F-B9FD-4935-BE52-4A394C517F7E}"
EndProject
Global
	GlobalSection(SolutionConfigurationPlatforms) = preSolution
		Debug|Any CPU = Debug|Any CPU
		Release|Any CPU = Release|Any CPU
	EndGlobalSection
	GlobalSection(ProjectConfigurationPlatforms) = postSolution
		{CE460DF8-E101-49D3-950A-4BDEB1DE00E8}.Debug|Any CPU.ActiveCfg = Debug|Any CPU
		{CE460DF8-E101-49D3-950A-4BDEB1DE00E8}.Debug|Any CPU.Build.0 = Debug|Any CPU
		{CE460DF8-E101-49D3-950A-4BDEB1DE00E8}.Release|Any CPU.ActiveCfg = Release|Any CPU
		{CE460DF8-E101-49D3-950A-4BDEB1DE00E8}.Release|Any CPU.Build.0 = Release|Any CPU
		{68074091-A241-482B-B35F-568DE7493F7F}.Debug|Any CPU.ActiveCfg = Debug|Any CPU
		{68074091-A241-482B-B35F-568DE7493F7F}.Debug|Any CPU.Build.0 = Debug|Any CPU
		{68074091-A241-482B-B35F-568DE7493F7F}.Release|Any CPU.ActiveCfg = Release|Any CPU
		{68074091-A241-482B-B35F-568DE7493F7F}.Release|Any CPU.Build.0 = Release|Any CPU
		{975ABCF4-89E5-4A52-B3F8-6AE051870C50}.Debug|Any CPU.ActiveCfg = Debug|Any CPU
		{975ABCF4-89E5-4A52-B3F8-6AE051870C50}.Debug|Any CPU.Build.0 = Debug|Any CPU
		{975ABCF4-89E5-4A52-B3F8-6AE051870C50}.Release|Any CPU.ActiveCfg = Release|Any CPU
		{975ABCF4-89E5-4A52-B3F8-6AE051870C50}.Release|Any CPU.Build.0 = Release|Any CPU
		{4C6E4CF0-AC4D-4983-AC1D-34B3155491DA}.Debug|Any CPU.ActiveCfg = Debug|Any CPU
		{4C6E4CF0-AC4D-4983-AC1D-34B3155491DA}.Debug|Any CPU.Build.0 = Debug|Any CPU
		{4C6E4CF0-AC4D-4983-AC1D-34B3155491DA}.Release|Any CPU.ActiveCfg = Release|Any CPU
		{4C6E4CF0-AC4D-4983-AC1D-34B3155491DA}.Release|Any CPU.Build.0 = Release|Any CPU
		{AF408D01-63B8-4D62-AC81-4528F05104E7}.Debug|Any CPU.ActiveCfg = Debug|Any CPU
		{AF408D01-63B8-4D62-AC81-4528F05104E7}.Debug|Any CPU.Build.0 = Debug|Any CPU
		{AF408D01-63B8-4D62-AC81-4528F05104E7}.Release|Any CPU.ActiveCfg = Release|Any CPU
		{AF408D01-63B8-4D62-AC81-4528F05104E7}.Release|Any CPU.Build.0 = Release|Any CPU
		{99F52B54-387C-4C89-9EC8-082FCFACAC06}.Debug|Any CPU.ActiveCfg = Debug|Any CPU
		{99F52B54-387C-4C89-9EC8-082FCFACAC06}.Debug|Any CPU.Build.0 = Debug|Any CPU
		{99F52B54-387C-4C89-9EC8-082FCFACAC06}.Release|Any CPU.ActiveCfg = Release|Any CPU
		{99F52B54-387C-4C89-9EC8-082FCFACAC06}.Release|Any CPU.Build.0 = Release|Any CPU
		{FD1DE39F-B9FD-4935-BE52-4A394C517F7E}.Debug|Any CPU.ActiveCfg = Debug|Any CPU
		{FD1DE39F-B9FD-4935-BE52-4A394C517F7E}.Debug|Any CPU.Build.0 = Debug|Any CPU
		{FD1DE39F-B9FD-4935-BE52-4A394C517F7E}.Release|Any CPU.ActiveCfg = Release|Any CPU
		{FD1DE39F-B9FD-4935-BE52-4A394C517F7E}.Release|Any CPU.Build.0 = Release|Any CPU
	EndGlobalSection
	GlobalSection(SolutionProperties) = preSolution
		HideSolutionNode = FALSE
	EndGlobalSection
	GlobalSection(NestedProjects) = preSolution
		{975ABCF4-89E5-4A52-B3F8-6AE051870C50} = {BF02907D-AD0E-4761-B431-5424B7F00868}
		{99F52B54-387C-4C89-9EC8-082FCFACAC06} = {BF02907D-AD0E-4761-B431-5424B7F00868}
	EndGlobalSection
EndGlobal
